// !$*UTF8*$!
{
	archiveVersion = 1;
	classes = {
	};
	objectVersion = 46;
	objects = {

/* Begin PBXBuildFile section */
		830EFA291E46138F004474A2 /* AppDelegate.swift in Sources */ = {isa = PBXBuildFile; fileRef = 830EFA281E46138F004474A2 /* AppDelegate.swift */; };
		830EFA2E1E46138F004474A2 /* Main.storyboard in Resources */ = {isa = PBXBuildFile; fileRef = 830EFA2C1E46138F004474A2 /* Main.storyboard */; };
		830EFA301E46138F004474A2 /* Assets.xcassets in Resources */ = {isa = PBXBuildFile; fileRef = 830EFA2F1E46138F004474A2 /* Assets.xcassets */; };
		830EFA331E46138F004474A2 /* LaunchScreen.storyboard in Resources */ = {isa = PBXBuildFile; fileRef = 830EFA311E46138F004474A2 /* LaunchScreen.storyboard */; };
		830EFA3C1E4613E7004474A2 /* DropItView.swift in Sources */ = {isa = PBXBuildFile; fileRef = 830EFA3B1E4613E7004474A2 /* DropItView.swift */; };
		830EFA3E1E46140B004474A2 /* DropItViewController.swift in Sources */ = {isa = PBXBuildFile; fileRef = 830EFA3D1E46140B004474A2 /* DropItViewController.swift */; };
		830EFA401E46153D004474A2 /* UIKit Extensions.swift in Sources */ = {isa = PBXBuildFile; fileRef = 830EFA3F1E46153D004474A2 /* UIKit Extensions.swift */; };
		830EFA421E461A61004474A2 /* FallingObjectBehavior.swift in Sources */ = {isa = PBXBuildFile; fileRef = 830EFA411E461A61004474A2 /* FallingObjectBehavior.swift */; };
/* End PBXBuildFile section */

/* Begin PBXFileReference section */
		830EFA251E46138F004474A2 /* DropIt.app */ = {isa = PBXFileReference; explicitFileType = wrapper.application; includeInIndex = 0; path = DropIt.app; sourceTree = BUILT_PRODUCTS_DIR; };
		830EFA281E46138F004474A2 /* AppDelegate.swift */ = {isa = PBXFileReference; lastKnownFileType = sourcecode.swift; path = AppDelegate.swift; sourceTree = "<group>"; };
		830EFA2D1E46138F004474A2 /* Base */ = {isa = PBXFileReference; lastKnownFileType = file.storyboard; name = Base; path = Base.lproj/Main.storyboard; sourceTree = "<group>"; };
		830EFA2F1E46138F004474A2 /* Assets.xcassets */ = {isa = PBXFileReference; lastKnownFileType = folder.assetcatalog; path = Assets.xcassets; sourceTree = "<group>"; };
		830EFA321E46138F004474A2 /* Base */ = {isa = PBXFileReference; lastKnownFileType = file.storyboard; name = Base; path = Base.lproj/LaunchScreen.storyboard; sourceTree = "<group>"; };
		830EFA341E46138F004474A2 /* Info.plist */ = {isa = PBXFileReference; lastKnownFileType = text.plist.xml; path = Info.plist; sourceTree = "<group>"; };
		830EFA3B1E4613E7004474A2 /* DropItView.swift */ = {isa = PBXFileReference; fileEncoding = 4; lastKnownFileType = sourcecode.swift; path = DropItView.swift; sourceTree = "<group>"; };
		830EFA3D1E46140B004474A2 /* DropItViewController.swift */ = {isa = PBXFileReference; fileEncoding = 4; lastKnownFileType = sourcecode.swift; path = DropItViewController.swift; sourceTree = "<group>"; };
		830EFA3F1E46153D004474A2 /* UIKit Extensions.swift */ = {isa = PBXFileReference; fileEncoding = 4; lastKnownFileType = sourcecode.swift; path = "UIKit Extensions.swift"; sourceTree = "<group>"; };
		830EFA411E461A61004474A2 /* FallingObjectBehavior.swift */ = {isa = PBXFileReference; fileEncoding = 4; lastKnownFileType = sourcecode.swift; path = FallingObjectBehavior.swift; sourceTree = "<group>"; };
/* End PBXFileReference section */

/* Begin PBXFrameworksBuildPhase section */
		830EFA221E46138F004474A2 /* Frameworks */ = {
			isa = PBXFrameworksBuildPhase;
			buildActionMask = 2147483647;
			files = (
			);
			runOnlyForDeploymentPostprocessing = 0;
		};
/* End PBXFrameworksBuildPhase section */

/* Begin PBXGroup section */
		830EFA1C1E46138F004474A2 = {
			isa = PBXGroup;
			children = (
				830EFA271E46138F004474A2 /* DropIt */,
				830EFA261E46138F004474A2 /* Products */,
			);
			sourceTree = "<group>";
		};
		830EFA261E46138F004474A2 /* Products */ = {
			isa = PBXGroup;
			children = (
				830EFA251E46138F004474A2 /* DropIt.app */,
			);
			name = Products;
			sourceTree = "<group>";
		};
		830EFA271E46138F004474A2 /* DropIt */ = {
			isa = PBXGroup;
			children = (
				830EFA3B1E4613E7004474A2 /* DropItView.swift */,
				830EFA3D1E46140B004474A2 /* DropItViewController.swift */,
				830EFA3F1E46153D004474A2 /* UIKit Extensions.swift */,
				830EFA411E461A61004474A2 /* FallingObjectBehavior.swift */,
				830EFA3A1E4613B7004474A2 /* Supporting Files */,
				830EFA2C1E46138F004474A2 /* Main.storyboard */,
			);
			path = DropIt;
			sourceTree = "<group>";
		};
		830EFA3A1E4613B7004474A2 /* Supporting Files */ = {
			isa = PBXGroup;
			children = (
				830EFA281E46138F004474A2 /* AppDelegate.swift */,
				830EFA2F1E46138F004474A2 /* Assets.xcassets */,
				830EFA311E46138F004474A2 /* LaunchScreen.storyboard */,
				830EFA341E46138F004474A2 /* Info.plist */,
			);
			name = "Supporting Files";
			sourceTree = "<group>";
		};
/* End PBXGroup section */

/* Begin PBXNativeTarget section */
		830EFA241E46138F004474A2 /* DropIt */ = {
			isa = PBXNativeTarget;
			buildConfigurationList = 830EFA371E46138F004474A2 /* Build configuration list for PBXNativeTarget "DropIt" */;
			buildPhases = (
				830EFA211E46138F004474A2 /* Sources */,
				830EFA221E46138F004474A2 /* Frameworks */,
				830EFA231E46138F004474A2 /* Resources */,
			);
			buildRules = (
			);
			dependencies = (
			);
			name = DropIt;
			productName = DropIt;
			productReference = 830EFA251E46138F004474A2 /* DropIt.app */;
			productType = "com.apple.product-type.application";
		};
/* End PBXNativeTarget section */

/* Begin PBXProject section */
		830EFA1D1E46138F004474A2 /* Project object */ = {
			isa = PBXProject;
			attributes = {
				LastSwiftUpdateCheck = 0820;
				LastUpgradeCheck = 0820;
				ORGANIZATIONNAME = "Stanford University";
				TargetAttributes = {
					830EFA241E46138F004474A2 = {
						CreatedOnToolsVersion = 8.2.1;
						DevelopmentTeam = DSA52NNTU2;
						ProvisioningStyle = Automatic;
					};
				};
			};
			buildConfigurationList = 830EFA201E46138F004474A2 /* Build configuration list for PBXProject "DropIt" */;
			compatibilityVersion = "Xcode 3.2";
			developmentRegion = English;
			hasScannedForEncodings = 0;
			knownRegions = (
				en,
				Base,
			);
			mainGroup = 830EFA1C1E46138F004474A2;
			productRefGroup = 830EFA261E46138F004474A2 /* Products */;
			projectDirPath = "";
			projectRoot = "";
			targets = (
				830EFA241E46138F004474A2 /* DropIt */,
			);
		};
/* End PBXProject section */

/* Begin PBXResourcesBuildPhase section */
		830EFA231E46138F004474A2 /* Resources */ = {
			isa = PBXResourcesBuildPhase;
			buildActionMask = 2147483647;
			files = (
				830EFA331E46138F004474A2 /* LaunchScreen.storyboard in Resources */,
				830EFA301E46138F004474A2 /* Assets.xcassets in Resources */,
				830EFA2E1E46138F004474A2 /* Main.storyboard in Resources */,
			);
			runOnlyForDeploymentPostprocessing = 0;
		};
/* End PBXResourcesBuildPhase section */

/* Begin PBXSourcesBuildPhase section */
		830EFA211E46138F004474A2 /* Sources */ = {
			isa = PBXSourcesBuildPhase;
			buildActionMask = 2147483647;
			files = (
				830EFA3E1E46140B004474A2 /* DropItViewController.swift in Sources */,
				830EFA3C1E4613E7004474A2 /* DropItView.swift in Sources */,
				830EFA421E461A61004474A2 /* FallingObjectBehavior.swift in Sources */,
				830EFA291E46138F004474A2 /* AppDelegate.swift in Sources */,
				830EFA401E46153D004474A2 /* UIKit Extensions.swift in Sources */,
			);
			runOnlyForDeploymentPostprocessing = 0;
		};
/* End PBXSourcesBuildPhase section */

/* Begin PBXVariantGroup section */
		830EFA2C1E46138F004474A2 /* Main.storyboard */ = {
			isa = PBXVariantGroup;
			children = (
				830EFA2D1E46138F004474A2 /* Base */,
			);
			name = Main.storyboard;
			sourceTree = "<group>";
		};
		830EFA311E46138F004474A2 /* LaunchScreen.storyboard */ = {
			isa = PBXVariantGroup;
			children = (
				830EFA321E46138F004474A2 /* Base */,
			);
			name = LaunchScreen.storyboard;
			sourceTree = "<group>";
		};
/* End PBXVariantGroup section */

/* Begin XCBuildConfiguration section */
		830EFA351E46138F004474A2 /* Debug */ = {
			isa = XCBuildConfiguration;
			buildSettings = {
				ALWAYS_SEARCH_USER_PATHS = NO;
				CLANG_ANALYZER_NONNULL = YES;
				CLANG_CXX_LANGUAGE_STANDARD = "gnu++0x";
				CLANG_CXX_LIBRARY = "libc++";
				CLANG_ENABLE_MODULES = YES;
				CLANG_ENABLE_OBJC_ARC = YES;
				CLANG_WARN_BOOL_CONVERSION = YES;
				CLANG_WARN_CONSTANT_CONVERSION = YES;
				CLANG_WARN_DIRECT_OBJC_ISA_USAGE = YES_ERROR;
				CLANG_WARN_DOCUMENTATION_COMMENTS = YES;
				CLANG_WARN_EMPTY_BODY = YES;
				CLANG_WARN_ENUM_CONVERSION = YES;
				CLANG_WARN_INFINITE_RECURSION = YES;
				CLANG_WARN_INT_CONVERSION = YES;
				CLANG_WARN_OBJC_ROOT_CLASS = YES_ERROR;
				CLANG_WARN_SUSPICIOUS_MOVE = YES;
				CLANG_WARN_UNREACHABLE_CODE = YES;
				CLANG_WARN__DUPLICATE_METHOD_MATCH = YES;
				"CODE_SIGN_IDENTITY[sdk=iphoneos*]" = "iPhone Developer";
				COPY_PHASE_STRIP = NO;
				DEBUG_INFORMATION_FORMAT = dwarf;
				ENABLE_STRICT_OBJC_MSGSEND = YES;
				ENABLE_TESTABILITY = YES;
				GCC_C_LANGUAGE_STANDARD = gnu99;
				GCC_DYNAMIC_NO_PIC = NO;
				GCC_NO_COMMON_BLOCKS = YES;
				GCC_OPTIMIZATION_LEVEL = 0;
				GCC_PREPROCESSOR_DEFINITIONS = (
					"DEBUG=1",
					"$(inherited)",
				);
				GCC_WARN_64_TO_32_BIT_CONVERSION = YES;
				GCC_WARN_ABOUT_RETURN_TYPE = YES_ERROR;
				GCC_WARN_UNDECLARED_SELECTOR = YES;
				GCC_WARN_UNINITIALIZED_AUTOS = YES_AGGRESSIVE;
				GCC_WARN_UNUSED_FUNCTION = YES;
				GCC_WARN_UNUSED_VARIABLE = YES;
				IPHONEOS_DEPLOYMENT_TARGET = 10.2;
				MTL_ENABLE_DEBUG_INFO = YES;
				ONLY_ACTIVE_ARCH = YES;
				SDKROOT = iphoneos;
				SWIFT_ACTIVE_COMPILATION_CONDITIONS = DEBUG;
				SWIFT_OPTIMIZATION_LEVEL = "-Onone";
				TARGETED_DEVICE_FAMILY = "1,2";
			};
			name = Debug;
		};
		830EFA361E46138F004474A2 /* Release */ = {
			isa = XCBuildConfiguration;
			buildSettings = {
				ALWAYS_SEARCH_USER_PATHS = NO;
				CLANG_ANALYZER_NONNULL = YES;
				CLANG_CXX_LANGUAGE_STANDARD = "gnu++0x";
				CLANG_CXX_LIBRARY = "libc++";
				CLANG_ENABLE_MODULES = YES;
				CLANG_ENABLE_OBJC_ARC = YES;
				CLANG_WARN_BOOL_CONVERSION = YES;
				CLANG_WARN_CONSTANT_CONVERSION = YES;
				CLANG_WARN_DIRECT_OBJC_ISA_USAGE = YES_ERROR;
				CLANG_WARN_DOCUMENTATION_COMMENTS = YES;
				CLANG_WARN_EMPTY_BODY = YES;
				CLANG_WARN_ENUM_CONVERSION = YES;
				CLANG_WARN_INFINITE_RECURSION = YES;
				CLANG_WARN_INT_CONVERSION = YES;
				CLANG_WARN_OBJC_ROOT_CLASS = YES_ERROR;
				CLANG_WARN_SUSPICIOUS_MOVE = YES;
				CLANG_WARN_UNREACHABLE_CODE = YES;
				CLANG_WARN__DUPLICATE_METHOD_MATCH = YES;
				"CODE_SIGN_IDENTITY[sdk=iphoneos*]" = "iPhone Developer";
				COPY_PHASE_STRIP = NO;
				DEBUG_INFORMATION_FORMAT = "dwarf-with-dsym";
				ENABLE_NS_ASSERTIONS = NO;
				ENABLE_STRICT_OBJC_MSGSEND = YES;
				GCC_C_LANGUAGE_STANDARD = gnu99;
				GCC_NO_COMMON_BLOCKS = YES;
				GCC_WARN_64_TO_32_BIT_CONVERSION = YES;
				GCC_WARN_ABOUT_RETURN_TYPE = YES_ERROR;
				GCC_WARN_UNDECLARED_SELECTOR = YES;
				GCC_WARN_UNINITIALIZED_AUTOS = YES_AGGRESSIVE;
				GCC_WARN_UNUSED_FUNCTION = YES;
				GCC_WARN_UNUSED_VARIABLE = YES;
				IPHONEOS_DEPLOYMENT_TARGET = 10.2;
				MTL_ENABLE_DEBUG_INFO = NO;
				SDKROOT = iphoneos;
				SWIFT_OPTIMIZATION_LEVEL = "-Owholemodule";
				TARGETED_DEVICE_FAMILY = "1,2";
				VALIDATE_PRODUCT = YES;
			};
			name = Release;
		};
		830EFA381E46138F004474A2 /* Debug */ = {
			isa = XCBuildConfiguration;
			buildSettings = {
				ASSETCATALOG_COMPILER_APPICON_NAME = AppIcon;
				DEVELOPMENT_TEAM = DSA52NNTU2;
				INFOPLIST_FILE = DropIt/Info.plist;
				LD_RUNPATH_SEARCH_PATHS = "$(inherited) @executable_path/Frameworks";
				PRODUCT_BUNDLE_IDENTIFIER = edu.stanford.cs193p.chanhnguyen.DropIt;
				PRODUCT_NAME = "$(TARGET_NAME)";
				SWIFT_VERSION = 3.0;
			};
			name = Debug;
		};
		830EFA391E46138F004474A2 /* Release */ = {
			isa = XCBuildConfiguration;
			buildSettings = {
				ASSETCATALOG_COMPILER_APPICON_NAME = AppIcon;
				DEVELOPMENT_TEAM = DSA52NNTU2;
				INFOPLIST_FILE = DropIt/Info.plist;
				LD_RUNPATH_SEARCH_PATHS = "$(inherited) @executable_path/Frameworks";
				PRODUCT_BUNDLE_IDENTIFIER = edu.stanford.cs193p.chanhnguyen.DropIt;
				PRODUCT_NAME = "$(TARGET_NAME)";
				SWIFT_VERSION = 3.0;
			};
			name = Release;
		};
/* End XCBuildConfiguration section */

/* Begin XCConfigurationList section */
		830EFA201E46138F004474A2 /* Build configuration list for PBXProject "DropIt" */ = {
			isa = XCConfigurationList;
			buildConfigurations = (
				830EFA351E46138F004474A2 /* Debug */,
				830EFA361E46138F004474A2 /* Release */,
			);
			defaultConfigurationIsVisible = 0;
			defaultConfigurationName = Release;
		};
		830EFA371E46138F004474A2 /* Build configuration list for PBXNativeTarget "DropIt" */ = {
			isa = XCConfigurationList;
			buildConfigurations = (
				830EFA381E46138F004474A2 /* Debug */,
				830EFA391E46138F004474A2 /* Release */,
			);
			defaultConfigurationIsVisible = 0;
		};
/* End XCConfigurationList section */
	};
	rootObject = 830EFA1D1E46138F004474A2 /* Project object */;
}
